
Microsoft Visual Studio Solution File, Format Version 12.00
# Visual Studio Version 16
VisualStudioVersion = 16.0.31019.35
MinimumVisualStudioVersion = 10.0.40219.1
Project("{FAE04EC0-301F-11D3-BF4B-00C04F79EFBC}") = "Task3", "Task3\Task3.csproj", "{8C4E7037-897A-487D-A83B-C8B8B82682F2}"
EndProject
Project("{FAE04EC0-301F-11D3-BF4B-00C04F79EFBC}") = "Task3Tests", "Task3Tests\Task3Tests.csproj", "{754300E8-E199-4660-8DB1-514BF2729EC3}"
EndProject
Global
	GlobalSection(SolutionConfigurationPlatforms) = preSolution
		Debug|Any CPU = Debug|Any CPU
		Release|Any CPU = Release|Any CPU
	EndGlobalSection
	GlobalSection(ProjectConfigurationPlatforms) = postSolution
		{8C4E7037-897A-487D-A83B-C8B8B82682F2}.Debug|Any CPU.ActiveCfg = Debug|Any CPU
		{8C4E7037-897A-487D-A83B-C8B8B82682F2}.Debug|Any CPU.Build.0 = Debug|Any CPU
		{8C4E7037-897A-487D-A83B-C8B8B82682F2}.Release|Any CPU.ActiveCfg = Release|Any CPU
		{8C4E7037-897A-487D-A83B-C8B8B82682F2}.Release|Any CPU.Build.0 = Release|Any CPU
		{754300E8-E199-4660-8DB1-514BF2729EC3}.Debug|Any CPU.ActiveCfg = Debug|Any CPU
		{754300E8-E199-4660-8DB1-514BF2729EC3}.Debug|Any CPU.Build.0 = Debug|Any CPU
		{754300E8-E199-4660-8DB1-514BF2729EC3}.Release|Any CPU.ActiveCfg = Release|Any CPU
		{754300E8-E199-4660-8DB1-514BF2729EC3}.Release|Any CPU.Build.0 = Release|Any CPU
	EndGlobalSection
	GlobalSection(SolutionProperties) = preSolution
		HideSolutionNode = FALSE
	EndGlobalSection
	GlobalSection(ExtensibilityGlobals) = postSolution
		SolutionGuid = {770C7714-D2BF-4B67-A8F7-55A86F18F24F}
	EndGlobalSection
EndGlobal
