
Microsoft Visual Studio Solution File, Format Version 12.00
# Visual Studio Version 16
VisualStudioVersion = 16.0.31019.35
MinimumVisualStudioVersion = 10.0.40219.1
Project("{FAE04EC0-301F-11D3-BF4B-00C04F79EFBC}") = "logger", "logger\logger.csproj", "{4F61D854-FAC3-43DE-A1D5-3427AB58921C}"
EndProject
Project("{FAE04EC0-301F-11D3-BF4B-00C04F79EFBC}") = "InterfaceIListener", "..\InterfaceIListener\InterfaceIListener\InterfaceIListener.csproj", "{F78AED36-3969-4792-BCC5-1B8DEDD44545}"
EndProject
Project("{FAE04EC0-301F-11D3-BF4B-00C04F79EFBC}") = "EventLogListener", "..\EventLogListener\EventLogListener\EventLogListener.csproj", "{3D47020F-08CC-4E71-AE6B-2FFE69FA5489}"
EndProject
Project("{2150E333-8FDC-42A3-9474-1A3956D46DE8}") = "Solution Items", "Solution Items", "{7F5C6FA4-E5C3-4B20-9E4B-FBE8BDEA9F78}"
EndProject
Project("{FAE04EC0-301F-11D3-BF4B-00C04F79EFBC}") = "TextListener", "..\TextListener\TextListener\TextListener.csproj", "{78C0E0E4-7DF2-4B13-87DF-F30F3854C7BE}"
EndProject
Project("{FAE04EC0-301F-11D3-BF4B-00C04F79EFBC}") = "WordListener", "..\WordListener\WordListener\WordListener.csproj", "{5CD34E2F-5544-4844-A322-9E0A078FE6EE}"
EndProject
Global
	GlobalSection(SolutionConfigurationPlatforms) = preSolution
		Debug|Any CPU = Debug|Any CPU
		Release|Any CPU = Release|Any CPU
	EndGlobalSection
	GlobalSection(ProjectConfigurationPlatforms) = postSolution
		{4F61D854-FAC3-43DE-A1D5-3427AB58921C}.Debug|Any CPU.ActiveCfg = Debug|Any CPU
		{4F61D854-FAC3-43DE-A1D5-3427AB58921C}.Debug|Any CPU.Build.0 = Debug|Any CPU
		{4F61D854-FAC3-43DE-A1D5-3427AB58921C}.Release|Any CPU.ActiveCfg = Release|Any CPU
		{4F61D854-FAC3-43DE-A1D5-3427AB58921C}.Release|Any CPU.Build.0 = Release|Any CPU
		{F78AED36-3969-4792-BCC5-1B8DEDD44545}.Debug|Any CPU.ActiveCfg = Debug|Any CPU
		{F78AED36-3969-4792-BCC5-1B8DEDD44545}.Debug|Any CPU.Build.0 = Debug|Any CPU
		{F78AED36-3969-4792-BCC5-1B8DEDD44545}.Release|Any CPU.ActiveCfg = Release|Any CPU
		{F78AED36-3969-4792-BCC5-1B8DEDD44545}.Release|Any CPU.Build.0 = Release|Any CPU
		{3D47020F-08CC-4E71-AE6B-2FFE69FA5489}.Debug|Any CPU.ActiveCfg = Debug|Any CPU
		{3D47020F-08CC-4E71-AE6B-2FFE69FA5489}.Debug|Any CPU.Build.0 = Debug|Any CPU
		{3D47020F-08CC-4E71-AE6B-2FFE69FA5489}.Release|Any CPU.ActiveCfg = Release|Any CPU
		{3D47020F-08CC-4E71-AE6B-2FFE69FA5489}.Release|Any CPU.Build.0 = Release|Any CPU
		{78C0E0E4-7DF2-4B13-87DF-F30F3854C7BE}.Debug|Any CPU.ActiveCfg = Debug|Any CPU
		{78C0E0E4-7DF2-4B13-87DF-F30F3854C7BE}.Debug|Any CPU.Build.0 = Debug|Any CPU
		{78C0E0E4-7DF2-4B13-87DF-F30F3854C7BE}.Release|Any CPU.ActiveCfg = Release|Any CPU
		{78C0E0E4-7DF2-4B13-87DF-F30F3854C7BE}.Release|Any CPU.Build.0 = Release|Any CPU
		{5CD34E2F-5544-4844-A322-9E0A078FE6EE}.Debug|Any CPU.ActiveCfg = Debug|Any CPU
		{5CD34E2F-5544-4844-A322-9E0A078FE6EE}.Debug|Any CPU.Build.0 = Debug|Any CPU
		{5CD34E2F-5544-4844-A322-9E0A078FE6EE}.Release|Any CPU.ActiveCfg = Release|Any CPU
		{5CD34E2F-5544-4844-A322-9E0A078FE6EE}.Release|Any CPU.Build.0 = Release|Any CPU
	EndGlobalSection
	GlobalSection(SolutionProperties) = preSolution
		HideSolutionNode = FALSE
	EndGlobalSection
	GlobalSection(ExtensibilityGlobals) = postSolution
		SolutionGuid = {E2C763EF-D213-4E83-B00A-F7F7E5553DA3}
	EndGlobalSection
EndGlobal
